// !$*UTF8*$!
{
	archiveVersion = 1;
	classes = {
	};
	objectVersion = 51;
	objects = {

/* Begin PBXBuildFile section */
		216F350176A2BF9B120251BE /* Pods_Reciplease.framework in Frameworks */ = {isa = PBXBuildFile; fileRef = 9377CB23BE5C0BD56FF00A53 /* Pods_Reciplease.framework */; };
		F60BADD623A7985D0035907E /* HomeViewModelTests.swift in Sources */ = {isa = PBXBuildFile; fileRef = F60BADD523A7985D0035907E /* HomeViewModelTests.swift */; };
		F60BADD823A79C510035907E /* RecipesViewModelTests.swift in Sources */ = {isa = PBXBuildFile; fileRef = F60BADD723A79C510035907E /* RecipesViewModelTests.swift */; };
		F60BADDA23A79C610035907E /* RecipesRepositoryTests.swift in Sources */ = {isa = PBXBuildFile; fileRef = F60BADD923A79C610035907E /* RecipesRepositoryTests.swift */; };
		F60BADDC23A7A64B0035907E /* RecipeDetailViewModelTests.swift in Sources */ = {isa = PBXBuildFile; fileRef = F60BADDB23A7A64B0035907E /* RecipeDetailViewModelTests.swift */; };
		F60BADDE23A7A6680035907E /* RecipeDetailRepositoryTests.swift in Sources */ = {isa = PBXBuildFile; fileRef = F60BADDD23A7A6680035907E /* RecipeDetailRepositoryTests.swift */; };
		F616580023CBC191003EB895 /* CreationsViewController.swift in Sources */ = {isa = PBXBuildFile; fileRef = F61657FF23CBC191003EB895 /* CreationsViewController.swift */; };
		F616580223CBC1AA003EB895 /* CreationsViewModel.swift in Sources */ = {isa = PBXBuildFile; fileRef = F616580123CBC1AA003EB895 /* CreationsViewModel.swift */; };
		F616580423CBC77C003EB895 /* CreationCoordinator.swift in Sources */ = {isa = PBXBuildFile; fileRef = F616580323CBC77C003EB895 /* CreationCoordinator.swift */; };
		F616580723CBD84C003EB895 /* CreateMyRecipeViewModel.swift in Sources */ = {isa = PBXBuildFile; fileRef = F616580623CBD84C003EB895 /* CreateMyRecipeViewModel.swift */; };
		F616580923CBD85B003EB895 /* CreateMyRecipeViewController.swift in Sources */ = {isa = PBXBuildFile; fileRef = F616580823CBD85B003EB895 /* CreateMyRecipeViewController.swift */; };
		F622520A238FB4F8008CCDBB /* CoreDataStack.swift in Sources */ = {isa = PBXBuildFile; fileRef = F6225209238FB4F8008CCDBB /* CoreDataStack.swift */; };
		F622520C238FB604008CCDBB /* TabBarSource.swift in Sources */ = {isa = PBXBuildFile; fileRef = F622520B238FB604008CCDBB /* TabBarSource.swift */; };
		F622520E238FBC2A008CCDBB /* SearchDataSource.swift in Sources */ = {isa = PBXBuildFile; fileRef = F622520D238FBC2A008CCDBB /* SearchDataSource.swift */; };
		F6225210238FBCC9008CCDBB /* SearchTableViewCell.swift in Sources */ = {isa = PBXBuildFile; fileRef = F622520F238FBCC9008CCDBB /* SearchTableViewCell.swift */; };
		F6225213238FC7B4008CCDBB /* Alert.swift in Sources */ = {isa = PBXBuildFile; fileRef = F6225212238FC7B4008CCDBB /* Alert.swift */; };
		F63F50802395A371002EE563 /* Recipes.swift in Sources */ = {isa = PBXBuildFile; fileRef = F63F507F2395A371002EE563 /* Recipes.swift */; };
		F63F50822395A388002EE563 /* RecipeItem.swift in Sources */ = {isa = PBXBuildFile; fileRef = F63F50812395A388002EE563 /* RecipeItem.swift */; };
		F63F508A23964F63002EE563 /* RecipesDataSource.swift in Sources */ = {isa = PBXBuildFile; fileRef = F63F508923964F63002EE563 /* RecipesDataSource.swift */; };
		F63F508E23964F8E002EE563 /* RecipesTableViewCell.swift in Sources */ = {isa = PBXBuildFile; fileRef = F63F508D23964F8E002EE563 /* RecipesTableViewCell.swift */; };
		F63F50912397C95A002EE563 /* NetworkRequest.swift in Sources */ = {isa = PBXBuildFile; fileRef = F63F50902397C95A002EE563 /* NetworkRequest.swift */; };
		F63F50932397CB97002EE563 /* Route.swift in Sources */ = {isa = PBXBuildFile; fileRef = F63F50922397CB97002EE563 /* Route.swift */; };
		F63F50952397CDAD002EE563 /* RecipesRepository.swift in Sources */ = {isa = PBXBuildFile; fileRef = F63F50942397CDAD002EE563 /* RecipesRepository.swift */; };
		F64BCA1623A95515008BE16A /* Extension.swift in Sources */ = {isa = PBXBuildFile; fileRef = F64BCA1523A95515008BE16A /* Extension.swift */; };
		F664A4E9239F16F000515C29 /* RecipeDetailRepository.swift in Sources */ = {isa = PBXBuildFile; fileRef = F664A4E8239F16F000515C29 /* RecipeDetailRepository.swift */; };
		F664A4EB239F229200515C29 /* RecipeDetailDataSource.swift in Sources */ = {isa = PBXBuildFile; fileRef = F664A4EA239F229200515C29 /* RecipeDetailDataSource.swift */; };
		F689EC38237C37C000747170 /* AppDelegate.swift in Sources */ = {isa = PBXBuildFile; fileRef = F689EC37237C37C000747170 /* AppDelegate.swift */; };
		F689EC3D237C37C000747170 /* Reciplease.xcdatamodeld in Sources */ = {isa = PBXBuildFile; fileRef = F689EC3B237C37C000747170 /* Reciplease.xcdatamodeld */; };
		F689EC41237C37C100747170 /* Assets.xcassets in Resources */ = {isa = PBXBuildFile; fileRef = F689EC40237C37C100747170 /* Assets.xcassets */; };
		F689EC47237C37C100747170 /* LaunchScreen.storyboard in Resources */ = {isa = PBXBuildFile; fileRef = F689EC45237C37C100747170 /* LaunchScreen.storyboard */; };
		F689EC5D237C433900747170 /* Main.storyboard in Resources */ = {isa = PBXBuildFile; fileRef = F689EC5C237C433900747170 /* Main.storyboard */; };
		F689EC63237C4ACE00747170 /* AppCoordinator.swift in Sources */ = {isa = PBXBuildFile; fileRef = F689EC62237C4ACD00747170 /* AppCoordinator.swift */; };
		F689EC66237C4B0100747170 /* Screens.swift in Sources */ = {isa = PBXBuildFile; fileRef = F689EC65237C4B0100747170 /* Screens.swift */; };
		F689EC68237C4B6600747170 /* MainCoordinator.swift in Sources */ = {isa = PBXBuildFile; fileRef = F689EC67237C4B6600747170 /* MainCoordinator.swift */; };
		F689EC6A237C4DD400747170 /* SearchCoordinator.swift in Sources */ = {isa = PBXBuildFile; fileRef = F689EC69237C4DD400747170 /* SearchCoordinator.swift */; };
		F689EC6C237C4DDF00747170 /* FavoriteCoordinator.swift in Sources */ = {isa = PBXBuildFile; fileRef = F689EC6B237C4DDF00747170 /* FavoriteCoordinator.swift */; };
		F689EC71237C5CAB00747170 /* HomeViewController.swift in Sources */ = {isa = PBXBuildFile; fileRef = F689EC70237C5CAB00747170 /* HomeViewController.swift */; };
		F689EC73237C5CC200747170 /* HomeViewModel.swift in Sources */ = {isa = PBXBuildFile; fileRef = F689EC72237C5CC200747170 /* HomeViewModel.swift */; };
		F689EC76237C5D1900747170 /* RecipesViewModel.swift in Sources */ = {isa = PBXBuildFile; fileRef = F689EC75237C5D1900747170 /* RecipesViewModel.swift */; };
		F689EC78237C5D3500747170 /* RecipesViewController.swift in Sources */ = {isa = PBXBuildFile; fileRef = F689EC77237C5D3500747170 /* RecipesViewController.swift */; };
		F689EC7B237C620B00747170 /* RecipeDetailViewController.swift in Sources */ = {isa = PBXBuildFile; fileRef = F689EC7A237C620B00747170 /* RecipeDetailViewController.swift */; };
		F689EC7D237C621C00747170 /* RecipeDetailViewModel.swift in Sources */ = {isa = PBXBuildFile; fileRef = F689EC7C237C621C00747170 /* RecipeDetailViewModel.swift */; };
		F6A3326A23990E8D00822E0C /* FavoriteRecipesTableViewCell.swift in Sources */ = {isa = PBXBuildFile; fileRef = F6A3326923990E8D00822E0C /* FavoriteRecipesTableViewCell.swift */; };
		F6CF670923A14AA600C16923 /* RecipeDetailTableViewCell.swift in Sources */ = {isa = PBXBuildFile; fileRef = F6CF670823A14AA600C16923 /* RecipeDetailTableViewCell.swift */; };
		F6CF670B23A28BAA00C16923 /* Accessibility.swift in Sources */ = {isa = PBXBuildFile; fileRef = F6CF670A23A28BA900C16923 /* Accessibility.swift */; };
/* End PBXBuildFile section */

/* Begin PBXContainerItemProxy section */
		F689EC4E237C37C100747170 /* PBXContainerItemProxy */ = {
			isa = PBXContainerItemProxy;
			containerPortal = F689EC2C237C37BF00747170 /* Project object */;
			proxyType = 1;
			remoteGlobalIDString = F689EC33237C37C000747170;
			remoteInfo = Reciplease;
		};
/* End PBXContainerItemProxy section */

/* Begin PBXFileReference section */
		3E9AC3CF5EDB3929CF505F9C /* Pods-Reciplease.debug.xcconfig */ = {isa = PBXFileReference; includeInIndex = 1; lastKnownFileType = text.xcconfig; name = "Pods-Reciplease.debug.xcconfig"; path = "Target Support Files/Pods-Reciplease/Pods-Reciplease.debug.xcconfig"; sourceTree = "<group>"; };
		9377CB23BE5C0BD56FF00A53 /* Pods_Reciplease.framework */ = {isa = PBXFileReference; explicitFileType = wrapper.framework; includeInIndex = 0; path = Pods_Reciplease.framework; sourceTree = BUILT_PRODUCTS_DIR; };
		B152BFAC10112DB0D2674FA3 /* Pods-Reciplease.release.xcconfig */ = {isa = PBXFileReference; includeInIndex = 1; lastKnownFileType = text.xcconfig; name = "Pods-Reciplease.release.xcconfig"; path = "Target Support Files/Pods-Reciplease/Pods-Reciplease.release.xcconfig"; sourceTree = "<group>"; };
		F60BADD523A7985D0035907E /* HomeViewModelTests.swift */ = {isa = PBXFileReference; lastKnownFileType = sourcecode.swift; path = HomeViewModelTests.swift; sourceTree = "<group>"; };
		F60BADD723A79C510035907E /* RecipesViewModelTests.swift */ = {isa = PBXFileReference; lastKnownFileType = sourcecode.swift; path = RecipesViewModelTests.swift; sourceTree = "<group>"; };
		F60BADD923A79C610035907E /* RecipesRepositoryTests.swift */ = {isa = PBXFileReference; lastKnownFileType = sourcecode.swift; path = RecipesRepositoryTests.swift; sourceTree = "<group>"; };
		F60BADDB23A7A64B0035907E /* RecipeDetailViewModelTests.swift */ = {isa = PBXFileReference; lastKnownFileType = sourcecode.swift; path = RecipeDetailViewModelTests.swift; sourceTree = "<group>"; };
		F60BADDD23A7A6680035907E /* RecipeDetailRepositoryTests.swift */ = {isa = PBXFileReference; lastKnownFileType = sourcecode.swift; path = RecipeDetailRepositoryTests.swift; sourceTree = "<group>"; };
		F61657FF23CBC191003EB895 /* CreationsViewController.swift */ = {isa = PBXFileReference; lastKnownFileType = sourcecode.swift; path = CreationsViewController.swift; sourceTree = "<group>"; };
		F616580123CBC1AA003EB895 /* CreationsViewModel.swift */ = {isa = PBXFileReference; lastKnownFileType = sourcecode.swift; path = CreationsViewModel.swift; sourceTree = "<group>"; };
		F616580323CBC77C003EB895 /* CreationCoordinator.swift */ = {isa = PBXFileReference; lastKnownFileType = sourcecode.swift; path = CreationCoordinator.swift; sourceTree = "<group>"; };
		F616580623CBD84C003EB895 /* CreateMyRecipeViewModel.swift */ = {isa = PBXFileReference; lastKnownFileType = sourcecode.swift; path = CreateMyRecipeViewModel.swift; sourceTree = "<group>"; };
		F616580823CBD85B003EB895 /* CreateMyRecipeViewController.swift */ = {isa = PBXFileReference; lastKnownFileType = sourcecode.swift; path = CreateMyRecipeViewController.swift; sourceTree = "<group>"; };
		F6225209238FB4F8008CCDBB /* CoreDataStack.swift */ = {isa = PBXFileReference; lastKnownFileType = sourcecode.swift; path = CoreDataStack.swift; sourceTree = "<group>"; };
		F622520B238FB604008CCDBB /* TabBarSource.swift */ = {isa = PBXFileReference; lastKnownFileType = sourcecode.swift; path = TabBarSource.swift; sourceTree = "<group>"; };
		F622520D238FBC2A008CCDBB /* SearchDataSource.swift */ = {isa = PBXFileReference; lastKnownFileType = sourcecode.swift; path = SearchDataSource.swift; sourceTree = "<group>"; };
		F622520F238FBCC9008CCDBB /* SearchTableViewCell.swift */ = {isa = PBXFileReference; lastKnownFileType = sourcecode.swift; path = SearchTableViewCell.swift; sourceTree = "<group>"; };
		F6225212238FC7B4008CCDBB /* Alert.swift */ = {isa = PBXFileReference; lastKnownFileType = sourcecode.swift; path = Alert.swift; sourceTree = "<group>"; };
		F63F507F2395A371002EE563 /* Recipes.swift */ = {isa = PBXFileReference; lastKnownFileType = sourcecode.swift; path = Recipes.swift; sourceTree = "<group>"; };
		F63F50812395A388002EE563 /* RecipeItem.swift */ = {isa = PBXFileReference; lastKnownFileType = sourcecode.swift; path = RecipeItem.swift; sourceTree = "<group>"; };
		F63F508923964F63002EE563 /* RecipesDataSource.swift */ = {isa = PBXFileReference; lastKnownFileType = sourcecode.swift; path = RecipesDataSource.swift; sourceTree = "<group>"; };
		F63F508D23964F8E002EE563 /* RecipesTableViewCell.swift */ = {isa = PBXFileReference; lastKnownFileType = sourcecode.swift; path = RecipesTableViewCell.swift; sourceTree = "<group>"; };
		F63F50902397C95A002EE563 /* NetworkRequest.swift */ = {isa = PBXFileReference; lastKnownFileType = sourcecode.swift; path = NetworkRequest.swift; sourceTree = "<group>"; };
		F63F50922397CB97002EE563 /* Route.swift */ = {isa = PBXFileReference; lastKnownFileType = sourcecode.swift; path = Route.swift; sourceTree = "<group>"; };
		F63F50942397CDAD002EE563 /* RecipesRepository.swift */ = {isa = PBXFileReference; lastKnownFileType = sourcecode.swift; path = RecipesRepository.swift; sourceTree = "<group>"; };
		F64BCA1523A95515008BE16A /* Extension.swift */ = {isa = PBXFileReference; lastKnownFileType = sourcecode.swift; path = Extension.swift; sourceTree = "<group>"; };
		F664A4E8239F16F000515C29 /* RecipeDetailRepository.swift */ = {isa = PBXFileReference; lastKnownFileType = sourcecode.swift; path = RecipeDetailRepository.swift; sourceTree = "<group>"; };
		F664A4EA239F229200515C29 /* RecipeDetailDataSource.swift */ = {isa = PBXFileReference; lastKnownFileType = sourcecode.swift; path = RecipeDetailDataSource.swift; sourceTree = "<group>"; };
		F689EC34237C37C000747170 /* Reciplease.app */ = {isa = PBXFileReference; explicitFileType = wrapper.application; includeInIndex = 0; path = Reciplease.app; sourceTree = BUILT_PRODUCTS_DIR; };
		F689EC37237C37C000747170 /* AppDelegate.swift */ = {isa = PBXFileReference; lastKnownFileType = sourcecode.swift; path = AppDelegate.swift; sourceTree = "<group>"; };
		F689EC3C237C37C000747170 /* Reciplease.xcdatamodel */ = {isa = PBXFileReference; lastKnownFileType = wrapper.xcdatamodel; path = Reciplease.xcdatamodel; sourceTree = "<group>"; };
		F689EC40237C37C100747170 /* Assets.xcassets */ = {isa = PBXFileReference; lastKnownFileType = folder.assetcatalog; path = Assets.xcassets; sourceTree = "<group>"; };
		F689EC46237C37C100747170 /* Base */ = {isa = PBXFileReference; lastKnownFileType = file.storyboard; name = Base; path = Base.lproj/LaunchScreen.storyboard; sourceTree = "<group>"; };
		F689EC48237C37C100747170 /* Info.plist */ = {isa = PBXFileReference; lastKnownFileType = text.plist.xml; path = Info.plist; sourceTree = "<group>"; };
		F689EC4D237C37C100747170 /* RecipleaseTests.xctest */ = {isa = PBXFileReference; explicitFileType = wrapper.cfbundle; includeInIndex = 0; path = RecipleaseTests.xctest; sourceTree = BUILT_PRODUCTS_DIR; };
		F689EC53237C37C100747170 /* Info.plist */ = {isa = PBXFileReference; lastKnownFileType = text.plist.xml; path = Info.plist; sourceTree = "<group>"; };
		F689EC5C237C433900747170 /* Main.storyboard */ = {isa = PBXFileReference; lastKnownFileType = file.storyboard; path = Main.storyboard; sourceTree = "<group>"; };
		F689EC62237C4ACD00747170 /* AppCoordinator.swift */ = {isa = PBXFileReference; lastKnownFileType = sourcecode.swift; path = AppCoordinator.swift; sourceTree = "<group>"; };
		F689EC65237C4B0100747170 /* Screens.swift */ = {isa = PBXFileReference; lastKnownFileType = sourcecode.swift; path = Screens.swift; sourceTree = "<group>"; };
		F689EC67237C4B6600747170 /* MainCoordinator.swift */ = {isa = PBXFileReference; lastKnownFileType = sourcecode.swift; path = MainCoordinator.swift; sourceTree = "<group>"; };
		F689EC69237C4DD400747170 /* SearchCoordinator.swift */ = {isa = PBXFileReference; lastKnownFileType = sourcecode.swift; path = SearchCoordinator.swift; sourceTree = "<group>"; };
		F689EC6B237C4DDF00747170 /* FavoriteCoordinator.swift */ = {isa = PBXFileReference; lastKnownFileType = sourcecode.swift; path = FavoriteCoordinator.swift; sourceTree = "<group>"; };
		F689EC70237C5CAB00747170 /* HomeViewController.swift */ = {isa = PBXFileReference; lastKnownFileType = sourcecode.swift; path = HomeViewController.swift; sourceTree = "<group>"; };
		F689EC72237C5CC200747170 /* HomeViewModel.swift */ = {isa = PBXFileReference; lastKnownFileType = sourcecode.swift; path = HomeViewModel.swift; sourceTree = "<group>"; };
		F689EC75237C5D1900747170 /* RecipesViewModel.swift */ = {isa = PBXFileReference; lastKnownFileType = sourcecode.swift; path = RecipesViewModel.swift; sourceTree = "<group>"; };
		F689EC77237C5D3500747170 /* RecipesViewController.swift */ = {isa = PBXFileReference; lastKnownFileType = sourcecode.swift; path = RecipesViewController.swift; sourceTree = "<group>"; };
		F689EC7A237C620B00747170 /* RecipeDetailViewController.swift */ = {isa = PBXFileReference; lastKnownFileType = sourcecode.swift; path = RecipeDetailViewController.swift; sourceTree = "<group>"; };
		F689EC7C237C621C00747170 /* RecipeDetailViewModel.swift */ = {isa = PBXFileReference; lastKnownFileType = sourcecode.swift; path = RecipeDetailViewModel.swift; sourceTree = "<group>"; };
		F6A3326923990E8D00822E0C /* FavoriteRecipesTableViewCell.swift */ = {isa = PBXFileReference; lastKnownFileType = sourcecode.swift; path = FavoriteRecipesTableViewCell.swift; sourceTree = "<group>"; };
		F6CF670823A14AA600C16923 /* RecipeDetailTableViewCell.swift */ = {isa = PBXFileReference; lastKnownFileType = sourcecode.swift; path = RecipeDetailTableViewCell.swift; sourceTree = "<group>"; };
		F6CF670A23A28BA900C16923 /* Accessibility.swift */ = {isa = PBXFileReference; lastKnownFileType = sourcecode.swift; path = Accessibility.swift; sourceTree = "<group>"; };
/* End PBXFileReference section */

/* Begin PBXFrameworksBuildPhase section */
		F689EC31237C37C000747170 /* Frameworks */ = {
			isa = PBXFrameworksBuildPhase;
			buildActionMask = 2147483647;
			files = (
				216F350176A2BF9B120251BE /* Pods_Reciplease.framework in Frameworks */,
			);
			runOnlyForDeploymentPostprocessing = 0;
		};
		F689EC4A237C37C100747170 /* Frameworks */ = {
			isa = PBXFrameworksBuildPhase;
			buildActionMask = 2147483647;
			files = (
			);
			runOnlyForDeploymentPostprocessing = 0;
		};
/* End PBXFrameworksBuildPhase section */

/* Begin PBXGroup section */
		58AD951C5A5C784B3F8B8ACE /* Pods */ = {
			isa = PBXGroup;
			children = (
				3E9AC3CF5EDB3929CF505F9C /* Pods-Reciplease.debug.xcconfig */,
				B152BFAC10112DB0D2674FA3 /* Pods-Reciplease.release.xcconfig */,
			);
			path = Pods;
			sourceTree = "<group>";
		};
		BFFE30B19B3B9AA57E7E33AB /* Frameworks */ = {
			isa = PBXGroup;
			children = (
				9377CB23BE5C0BD56FF00A53 /* Pods_Reciplease.framework */,
			);
			name = Frameworks;
			sourceTree = "<group>";
		};
		F60BADD223A797790035907E /* HomeView */ = {
			isa = PBXGroup;
			children = (
				F60BADD523A7985D0035907E /* HomeViewModelTests.swift */,
			);
			path = HomeView;
			sourceTree = "<group>";
		};
		F60BADD323A7978D0035907E /* Recipes */ = {
			isa = PBXGroup;
			children = (
				F60BADD723A79C510035907E /* RecipesViewModelTests.swift */,
				F60BADD923A79C610035907E /* RecipesRepositoryTests.swift */,
			);
			path = Recipes;
			sourceTree = "<group>";
		};
		F60BADD423A797A10035907E /* RecipeDetail */ = {
			isa = PBXGroup;
			children = (
				F60BADDB23A7A64B0035907E /* RecipeDetailViewModelTests.swift */,
				F60BADDD23A7A6680035907E /* RecipeDetailRepositoryTests.swift */,
			);
			path = RecipeDetail;
			sourceTree = "<group>";
		};
		F61657FE23CBC115003EB895 /* Creations */ = {
			isa = PBXGroup;
			children = (
				F61657FF23CBC191003EB895 /* CreationsViewController.swift */,
				F616580123CBC1AA003EB895 /* CreationsViewModel.swift */,
				F616580523CBD35D003EB895 /* CreateMyRecipe */,
			);
			path = Creations;
			sourceTree = "<group>";
		};
		F616580523CBD35D003EB895 /* CreateMyRecipe */ = {
			isa = PBXGroup;
			children = (
				F616580823CBD85B003EB895 /* CreateMyRecipeViewController.swift */,
				F616580623CBD84C003EB895 /* CreateMyRecipeViewModel.swift */,
			);
			path = CreateMyRecipe;
			sourceTree = "<group>";
		};
		F6225211238FC79E008CCDBB /* Alert */ = {
			isa = PBXGroup;
			children = (
				F6225212238FC7B4008CCDBB /* Alert.swift */,
			);
			path = Alert;
			sourceTree = "<group>";
		};
		F630018823AE595000E3DAAB /* Cell */ = {
			isa = PBXGroup;
			children = (
				F622520F238FBCC9008CCDBB /* SearchTableViewCell.swift */,
			);
			path = Cell;
			sourceTree = "<group>";
		};
		F630018923AE596100E3DAAB /* Cell */ = {
			isa = PBXGroup;
			children = (
				F63F508D23964F8E002EE563 /* RecipesTableViewCell.swift */,
			);
			path = Cell;
			sourceTree = "<group>";
		};
		F630018A23AE5A1600E3DAAB /* Cell */ = {
			isa = PBXGroup;
			children = (
				F6CF670823A14AA600C16923 /* RecipeDetailTableViewCell.swift */,
			);
			path = Cell;
			sourceTree = "<group>";
		};
		F630018B23AE5D3600E3DAAB /* Cell */ = {
			isa = PBXGroup;
			children = (
				F6A3326923990E8D00822E0C /* FavoriteRecipesTableViewCell.swift */,
			);
			path = Cell;
			sourceTree = "<group>";
		};
		F63F508323964EC8002EE563 /* HomeView */ = {
			isa = PBXGroup;
			children = (
				F689EC70237C5CAB00747170 /* HomeViewController.swift */,
				F689EC72237C5CC200747170 /* HomeViewModel.swift */,
				F622520D238FBC2A008CCDBB /* SearchDataSource.swift */,
				F630018823AE595000E3DAAB /* Cell */,
			);
			path = HomeView;
			sourceTree = "<group>";
		};
		F63F508423964EDF002EE563 /* Recipes */ = {
			isa = PBXGroup;
			children = (
				F689EC77237C5D3500747170 /* RecipesViewController.swift */,
				F689EC75237C5D1900747170 /* RecipesViewModel.swift */,
				F63F508923964F63002EE563 /* RecipesDataSource.swift */,
				F63F50942397CDAD002EE563 /* RecipesRepository.swift */,
				F630018923AE596100E3DAAB /* Cell */,
			);
			path = Recipes;
			sourceTree = "<group>";
		};
		F63F508F2397C94D002EE563 /* Network */ = {
			isa = PBXGroup;
			children = (
				F63F50902397C95A002EE563 /* NetworkRequest.swift */,
				F63F50922397CB97002EE563 /* Route.swift */,
			);
			path = Network;
			sourceTree = "<group>";
		};
		F64BCA1723A95973008BE16A /* Extension */ = {
			isa = PBXGroup;
			children = (
				F64BCA1523A95515008BE16A /* Extension.swift */,
			);
			path = Extension;
			sourceTree = "<group>";
		};
		F689EC2B237C37BF00747170 = {
			isa = PBXGroup;
			children = (
				F689EC36237C37C000747170 /* Reciplease */,
				F689EC50237C37C100747170 /* RecipleaseTests */,
				F689EC35237C37C000747170 /* Products */,
				58AD951C5A5C784B3F8B8ACE /* Pods */,
				BFFE30B19B3B9AA57E7E33AB /* Frameworks */,
			);
			sourceTree = "<group>";
		};
		F689EC35237C37C000747170 /* Products */ = {
			isa = PBXGroup;
			children = (
				F689EC34237C37C000747170 /* Reciplease.app */,
				F689EC4D237C37C100747170 /* RecipleaseTests.xctest */,
			);
			name = Products;
			sourceTree = "<group>";
		};
		F689EC36237C37C000747170 /* Reciplease */ = {
			isa = PBXGroup;
			children = (
				F63F508F2397C94D002EE563 /* Network */,
				F689EC5E237C4A8F00747170 /* Sources */,
				F689EC64237C4AF100747170 /* Navigation */,
				F689EC6D237C5C7700747170 /* App */,
				F689EC5F237C4A9300747170 /* Ressources */,
				F689EC3B237C37C000747170 /* Reciplease.xcdatamodeld */,
			);
			path = Reciplease;
			sourceTree = "<group>";
		};
		F689EC50237C37C100747170 /* RecipleaseTests */ = {
			isa = PBXGroup;
			children = (
				F60BADD223A797790035907E /* HomeView */,
				F60BADD323A7978D0035907E /* Recipes */,
				F60BADD423A797A10035907E /* RecipeDetail */,
				F689EC53237C37C100747170 /* Info.plist */,
			);
			path = RecipleaseTests;
			sourceTree = "<group>";
		};
		F689EC5E237C4A8F00747170 /* Sources */ = {
			isa = PBXGroup;
			children = (
				F689EC37237C37C000747170 /* AppDelegate.swift */,
				F6225209238FB4F8008CCDBB /* CoreDataStack.swift */,
				F689EC62237C4ACD00747170 /* AppCoordinator.swift */,
				F689EC5C237C433900747170 /* Main.storyboard */,
			);
			path = Sources;
			sourceTree = "<group>";
		};
		F689EC5F237C4A9300747170 /* Ressources */ = {
			isa = PBXGroup;
			children = (
				F689EC40237C37C100747170 /* Assets.xcassets */,
				F689EC45237C37C100747170 /* LaunchScreen.storyboard */,
				F689EC48237C37C100747170 /* Info.plist */,
			);
			path = Ressources;
			sourceTree = "<group>";
		};
		F689EC64237C4AF100747170 /* Navigation */ = {
			isa = PBXGroup;
			children = (
				F689EC65237C4B0100747170 /* Screens.swift */,
				F689EC67237C4B6600747170 /* MainCoordinator.swift */,
				F622520B238FB604008CCDBB /* TabBarSource.swift */,
				F689EC69237C4DD400747170 /* SearchCoordinator.swift */,
				F689EC6B237C4DDF00747170 /* FavoriteCoordinator.swift */,
				F616580323CBC77C003EB895 /* CreationCoordinator.swift */,
			);
			path = Navigation;
			sourceTree = "<group>";
		};
		F689EC6D237C5C7700747170 /* App */ = {
			isa = PBXGroup;
			children = (
				F64BCA1723A95973008BE16A /* Extension */,
				F6225211238FC79E008CCDBB /* Alert */,
				F689EC6E237C5C8700747170 /* Search */,
				F689EC6F237C5C8D00747170 /* Favorite */,
				F61657FE23CBC115003EB895 /* Creations */,
			);
			path = App;
			sourceTree = "<group>";
		};
		F689EC6E237C5C8700747170 /* Search */ = {
			isa = PBXGroup;
			children = (
				F63F508323964EC8002EE563 /* HomeView */,
				F63F508423964EDF002EE563 /* Recipes */,
				F689EC79237C61F100747170 /* RecipeDetail */,
				F689EC74237C5D0400747170 /* Model */,
			);
			path = Search;
			sourceTree = "<group>";
		};
		F689EC6F237C5C8D00747170 /* Favorite */ = {
			isa = PBXGroup;
			children = (
				F630018B23AE5D3600E3DAAB /* Cell */,
			);
			path = Favorite;
			sourceTree = "<group>";
		};
		F689EC74237C5D0400747170 /* Model */ = {
			isa = PBXGroup;
			children = (
				F63F50812395A388002EE563 /* RecipeItem.swift */,
				F63F507F2395A371002EE563 /* Recipes.swift */,
				F6CF670A23A28BA900C16923 /* Accessibility.swift */,
			);
			path = Model;
			sourceTree = "<group>";
		};
		F689EC79237C61F100747170 /* RecipeDetail */ = {
			isa = PBXGroup;
			children = (
				F689EC7A237C620B00747170 /* RecipeDetailViewController.swift */,
				F689EC7C237C621C00747170 /* RecipeDetailViewModel.swift */,
				F664A4EA239F229200515C29 /* RecipeDetailDataSource.swift */,
				F664A4E8239F16F000515C29 /* RecipeDetailRepository.swift */,
				F630018A23AE5A1600E3DAAB /* Cell */,
			);
			path = RecipeDetail;
			sourceTree = "<group>";
		};
/* End PBXGroup section */

/* Begin PBXNativeTarget section */
		F689EC33237C37C000747170 /* Reciplease */ = {
			isa = PBXNativeTarget;
			buildConfigurationList = F689EC56237C37C100747170 /* Build configuration list for PBXNativeTarget "Reciplease" */;
			buildPhases = (
				C3B5616B8D3054C7BCF15E30 /* [CP] Check Pods Manifest.lock */,
				F689EC30237C37C000747170 /* Sources */,
				F689EC31237C37C000747170 /* Frameworks */,
				F689EC32237C37C000747170 /* Resources */,
				A38F61FD0C62F9C3732460BB /* [CP] Embed Pods Frameworks */,
			);
			buildRules = (
			);
			dependencies = (
			);
			name = Reciplease;
			productName = Reciplease;
			productReference = F689EC34237C37C000747170 /* Reciplease.app */;
			productType = "com.apple.product-type.application";
		};
		F689EC4C237C37C100747170 /* RecipleaseTests */ = {
			isa = PBXNativeTarget;
			buildConfigurationList = F689EC59237C37C100747170 /* Build configuration list for PBXNativeTarget "RecipleaseTests" */;
			buildPhases = (
				F689EC49237C37C100747170 /* Sources */,
				F689EC4A237C37C100747170 /* Frameworks */,
				F689EC4B237C37C100747170 /* Resources */,
			);
			buildRules = (
			);
			dependencies = (
				F689EC4F237C37C100747170 /* PBXTargetDependency */,
			);
			name = RecipleaseTests;
			productName = RecipleaseTests;
			productReference = F689EC4D237C37C100747170 /* RecipleaseTests.xctest */;
			productType = "com.apple.product-type.bundle.unit-test";
		};
/* End PBXNativeTarget section */

/* Begin PBXProject section */
		F689EC2C237C37BF00747170 /* Project object */ = {
			isa = PBXProject;
			attributes = {
				LastSwiftUpdateCheck = 1120;
				LastUpgradeCheck = 1120;
				ORGANIZATIONNAME = "Lauriane Haydari";
				TargetAttributes = {
					F689EC33237C37C000747170 = {
						CreatedOnToolsVersion = 11.2;
					};
					F689EC4C237C37C100747170 = {
						CreatedOnToolsVersion = 11.2;
						TestTargetID = F689EC33237C37C000747170;
					};
				};
			};
			buildConfigurationList = F689EC2F237C37BF00747170 /* Build configuration list for PBXProject "Reciplease" */;
			compatibilityVersion = "Xcode 9.3";
			developmentRegion = en;
			hasScannedForEncodings = 0;
			knownRegions = (
				en,
				Base,
			);
			mainGroup = F689EC2B237C37BF00747170;
			productRefGroup = F689EC35237C37C000747170 /* Products */;
			projectDirPath = "";
			projectRoot = "";
			targets = (
				F689EC33237C37C000747170 /* Reciplease */,
				F689EC4C237C37C100747170 /* RecipleaseTests */,
			);
		};
/* End PBXProject section */

/* Begin PBXResourcesBuildPhase section */
		F689EC32237C37C000747170 /* Resources */ = {
			isa = PBXResourcesBuildPhase;
			buildActionMask = 2147483647;
			files = (
				F689EC47237C37C100747170 /* LaunchScreen.storyboard in Resources */,
				F689EC41237C37C100747170 /* Assets.xcassets in Resources */,
				F689EC5D237C433900747170 /* Main.storyboard in Resources */,
			);
			runOnlyForDeploymentPostprocessing = 0;
		};
		F689EC4B237C37C100747170 /* Resources */ = {
			isa = PBXResourcesBuildPhase;
			buildActionMask = 2147483647;
			files = (
			);
			runOnlyForDeploymentPostprocessing = 0;
		};
/* End PBXResourcesBuildPhase section */

/* Begin PBXShellScriptBuildPhase section */
		A38F61FD0C62F9C3732460BB /* [CP] Embed Pods Frameworks */ = {
			isa = PBXShellScriptBuildPhase;
			buildActionMask = 2147483647;
			files = (
			);
			inputFileListPaths = (
				"${PODS_ROOT}/Target Support Files/Pods-Reciplease/Pods-Reciplease-frameworks-${CONFIGURATION}-input-files.xcfilelist",
			);
			name = "[CP] Embed Pods Frameworks";
			outputFileListPaths = (
				"${PODS_ROOT}/Target Support Files/Pods-Reciplease/Pods-Reciplease-frameworks-${CONFIGURATION}-output-files.xcfilelist",
			);
			runOnlyForDeploymentPostprocessing = 0;
			shellPath = /bin/sh;
			shellScript = "\"${PODS_ROOT}/Target Support Files/Pods-Reciplease/Pods-Reciplease-frameworks.sh\"\n";
			showEnvVarsInLog = 0;
		};
		C3B5616B8D3054C7BCF15E30 /* [CP] Check Pods Manifest.lock */ = {
			isa = PBXShellScriptBuildPhase;
			buildActionMask = 2147483647;
			files = (
			);
			inputFileListPaths = (
			);
			inputPaths = (
				"${PODS_PODFILE_DIR_PATH}/Podfile.lock",
				"${PODS_ROOT}/Manifest.lock",
			);
			name = "[CP] Check Pods Manifest.lock";
			outputFileListPaths = (
			);
			outputPaths = (
				"$(DERIVED_FILE_DIR)/Pods-Reciplease-checkManifestLockResult.txt",
			);
			runOnlyForDeploymentPostprocessing = 0;
			shellPath = /bin/sh;
			shellScript = "diff \"${PODS_PODFILE_DIR_PATH}/Podfile.lock\" \"${PODS_ROOT}/Manifest.lock\" > /dev/null\nif [ $? != 0 ] ; then\n    # print error to STDERR\n    echo \"error: The sandbox is not in sync with the Podfile.lock. Run 'pod install' or update your CocoaPods installation.\" >&2\n    exit 1\nfi\n# This output is used by Xcode 'outputs' to avoid re-running this script phase.\necho \"SUCCESS\" > \"${SCRIPT_OUTPUT_FILE_0}\"\n";
			showEnvVarsInLog = 0;
		};
/* End PBXShellScriptBuildPhase section */

/* Begin PBXSourcesBuildPhase section */
		F689EC30237C37C000747170 /* Sources */ = {
			isa = PBXSourcesBuildPhase;
			buildActionMask = 2147483647;
			files = (
				F63F508E23964F8E002EE563 /* RecipesTableViewCell.swift in Sources */,
				F689EC6C237C4DDF00747170 /* FavoriteCoordinator.swift in Sources */,
				F689EC7D237C621C00747170 /* RecipeDetailViewModel.swift in Sources */,
				F622520C238FB604008CCDBB /* TabBarSource.swift in Sources */,
				F616580723CBD84C003EB895 /* CreateMyRecipeViewModel.swift in Sources */,
				F689EC63237C4ACE00747170 /* AppCoordinator.swift in Sources */,
				F616580923CBD85B003EB895 /* CreateMyRecipeViewController.swift in Sources */,
				F616580223CBC1AA003EB895 /* CreationsViewModel.swift in Sources */,
				F689EC68237C4B6600747170 /* MainCoordinator.swift in Sources */,
				F63F508A23964F63002EE563 /* RecipesDataSource.swift in Sources */,
				F64BCA1623A95515008BE16A /* Extension.swift in Sources */,
				F689EC71237C5CAB00747170 /* HomeViewController.swift in Sources */,
				F689EC66237C4B0100747170 /* Screens.swift in Sources */,
				F689EC73237C5CC200747170 /* HomeViewModel.swift in Sources */,
				F622520A238FB4F8008CCDBB /* CoreDataStack.swift in Sources */,
				F689EC7B237C620B00747170 /* RecipeDetailViewController.swift in Sources */,
				F6225210238FBCC9008CCDBB /* SearchTableViewCell.swift in Sources */,
				F664A4E9239F16F000515C29 /* RecipeDetailRepository.swift in Sources */,
				F622520E238FBC2A008CCDBB /* SearchDataSource.swift in Sources */,
				F689EC3D237C37C000747170 /* Reciplease.xcdatamodeld in Sources */,
				F6A3326A23990E8D00822E0C /* FavoriteRecipesTableViewCell.swift in Sources */,
				F616580423CBC77C003EB895 /* CreationCoordinator.swift in Sources */,
				F63F50932397CB97002EE563 /* Route.swift in Sources */,
				F689EC38237C37C000747170 /* AppDelegate.swift in Sources */,
				F63F50802395A371002EE563 /* Recipes.swift in Sources */,
				F664A4EB239F229200515C29 /* RecipeDetailDataSource.swift in Sources */,
				F689EC6A237C4DD400747170 /* SearchCoordinator.swift in Sources */,
				F6CF670B23A28BAA00C16923 /* Accessibility.swift in Sources */,
				F63F50822395A388002EE563 /* RecipeItem.swift in Sources */,
				F63F50952397CDAD002EE563 /* RecipesRepository.swift in Sources */,
				F689EC78237C5D3500747170 /* RecipesViewController.swift in Sources */,
				F6225213238FC7B4008CCDBB /* Alert.swift in Sources */,
				F689EC76237C5D1900747170 /* RecipesViewModel.swift in Sources */,
				F6CF670923A14AA600C16923 /* RecipeDetailTableViewCell.swift in Sources */,
				F63F50912397C95A002EE563 /* NetworkRequest.swift in Sources */,
				F616580023CBC191003EB895 /* CreationsViewController.swift in Sources */,
			);
			runOnlyForDeploymentPostprocessing = 0;
		};
		F689EC49237C37C100747170 /* Sources */ = {
			isa = PBXSourcesBuildPhase;
			buildActionMask = 2147483647;
			files = (
				F60BADDA23A79C610035907E /* RecipesRepositoryTests.swift in Sources */,
				F60BADDE23A7A6680035907E /* RecipeDetailRepositoryTests.swift in Sources */,
				F60BADD623A7985D0035907E /* HomeViewModelTests.swift in Sources */,
				F60BADDC23A7A64B0035907E /* RecipeDetailViewModelTests.swift in Sources */,
				F60BADD823A79C510035907E /* RecipesViewModelTests.swift in Sources */,
			);
			runOnlyForDeploymentPostprocessing = 0;
		};
/* End PBXSourcesBuildPhase section */

/* Begin PBXTargetDependency section */
		F689EC4F237C37C100747170 /* PBXTargetDependency */ = {
			isa = PBXTargetDependency;
			target = F689EC33237C37C000747170 /* Reciplease */;
			targetProxy = F689EC4E237C37C100747170 /* PBXContainerItemProxy */;
		};
/* End PBXTargetDependency section */

/* Begin PBXVariantGroup section */
		F689EC45237C37C100747170 /* LaunchScreen.storyboard */ = {
			isa = PBXVariantGroup;
			children = (
				F689EC46237C37C100747170 /* Base */,
			);
			name = LaunchScreen.storyboard;
			sourceTree = "<group>";
		};
/* End PBXVariantGroup section */

/* Begin XCBuildConfiguration section */
		F689EC54237C37C100747170 /* Debug */ = {
			isa = XCBuildConfiguration;
			buildSettings = {
				ALWAYS_SEARCH_USER_PATHS = NO;
				CLANG_ANALYZER_NONNULL = YES;
				CLANG_ANALYZER_NUMBER_OBJECT_CONVERSION = YES_AGGRESSIVE;
				CLANG_CXX_LANGUAGE_STANDARD = "gnu++14";
				CLANG_CXX_LIBRARY = "libc++";
				CLANG_ENABLE_MODULES = YES;
				CLANG_ENABLE_OBJC_ARC = YES;
				CLANG_ENABLE_OBJC_WEAK = YES;
				CLANG_WARN_BLOCK_CAPTURE_AUTORELEASING = YES;
				CLANG_WARN_BOOL_CONVERSION = YES;
				CLANG_WARN_COMMA = YES;
				CLANG_WARN_CONSTANT_CONVERSION = YES;
				CLANG_WARN_DEPRECATED_OBJC_IMPLEMENTATIONS = YES;
				CLANG_WARN_DIRECT_OBJC_ISA_USAGE = YES_ERROR;
				CLANG_WARN_DOCUMENTATION_COMMENTS = YES;
				CLANG_WARN_EMPTY_BODY = YES;
				CLANG_WARN_ENUM_CONVERSION = YES;
				CLANG_WARN_INFINITE_RECURSION = YES;
				CLANG_WARN_INT_CONVERSION = YES;
				CLANG_WARN_NON_LITERAL_NULL_CONVERSION = YES;
				CLANG_WARN_OBJC_IMPLICIT_RETAIN_SELF = YES;
				CLANG_WARN_OBJC_LITERAL_CONVERSION = YES;
				CLANG_WARN_OBJC_ROOT_CLASS = YES_ERROR;
				CLANG_WARN_RANGE_LOOP_ANALYSIS = YES;
				CLANG_WARN_STRICT_PROTOTYPES = YES;
				CLANG_WARN_SUSPICIOUS_MOVE = YES;
				CLANG_WARN_UNGUARDED_AVAILABILITY = YES_AGGRESSIVE;
				CLANG_WARN_UNREACHABLE_CODE = YES;
				CLANG_WARN__DUPLICATE_METHOD_MATCH = YES;
				COPY_PHASE_STRIP = NO;
				DEBUG_INFORMATION_FORMAT = dwarf;
				ENABLE_STRICT_OBJC_MSGSEND = YES;
				ENABLE_TESTABILITY = YES;
				GCC_C_LANGUAGE_STANDARD = gnu11;
				GCC_DYNAMIC_NO_PIC = NO;
				GCC_NO_COMMON_BLOCKS = YES;
				GCC_OPTIMIZATION_LEVEL = 0;
				GCC_PREPROCESSOR_DEFINITIONS = (
					"DEBUG=1",
					"$(inherited)",
				);
				GCC_WARN_64_TO_32_BIT_CONVERSION = YES;
				GCC_WARN_ABOUT_RETURN_TYPE = YES_ERROR;
				GCC_WARN_UNDECLARED_SELECTOR = YES;
				GCC_WARN_UNINITIALIZED_AUTOS = YES_AGGRESSIVE;
				GCC_WARN_UNUSED_FUNCTION = YES;
				GCC_WARN_UNUSED_VARIABLE = YES;
				IPHONEOS_DEPLOYMENT_TARGET = 12.0;
				MTL_ENABLE_DEBUG_INFO = INCLUDE_SOURCE;
				MTL_FAST_MATH = YES;
				ONLY_ACTIVE_ARCH = YES;
				SDKROOT = iphoneos;
				SWIFT_ACTIVE_COMPILATION_CONDITIONS = DEBUG;
				SWIFT_OPTIMIZATION_LEVEL = "-Onone";
			};
			name = Debug;
		};
		F689EC55237C37C100747170 /* Release */ = {
			isa = XCBuildConfiguration;
			buildSettings = {
				ALWAYS_SEARCH_USER_PATHS = NO;
				CLANG_ANALYZER_NONNULL = YES;
				CLANG_ANALYZER_NUMBER_OBJECT_CONVERSION = YES_AGGRESSIVE;
				CLANG_CXX_LANGUAGE_STANDARD = "gnu++14";
				CLANG_CXX_LIBRARY = "libc++";
				CLANG_ENABLE_MODULES = YES;
				CLANG_ENABLE_OBJC_ARC = YES;
				CLANG_ENABLE_OBJC_WEAK = YES;
				CLANG_WARN_BLOCK_CAPTURE_AUTORELEASING = YES;
				CLANG_WARN_BOOL_CONVERSION = YES;
				CLANG_WARN_COMMA = YES;
				CLANG_WARN_CONSTANT_CONVERSION = YES;
				CLANG_WARN_DEPRECATED_OBJC_IMPLEMENTATIONS = YES;
				CLANG_WARN_DIRECT_OBJC_ISA_USAGE = YES_ERROR;
				CLANG_WARN_DOCUMENTATION_COMMENTS = YES;
				CLANG_WARN_EMPTY_BODY = YES;
				CLANG_WARN_ENUM_CONVERSION = YES;
				CLANG_WARN_INFINITE_RECURSION = YES;
				CLANG_WARN_INT_CONVERSION = YES;
				CLANG_WARN_NON_LITERAL_NULL_CONVERSION = YES;
				CLANG_WARN_OBJC_IMPLICIT_RETAIN_SELF = YES;
				CLANG_WARN_OBJC_LITERAL_CONVERSION = YES;
				CLANG_WARN_OBJC_ROOT_CLASS = YES_ERROR;
				CLANG_WARN_RANGE_LOOP_ANALYSIS = YES;
				CLANG_WARN_STRICT_PROTOTYPES = YES;
				CLANG_WARN_SUSPICIOUS_MOVE = YES;
				CLANG_WARN_UNGUARDED_AVAILABILITY = YES_AGGRESSIVE;
				CLANG_WARN_UNREACHABLE_CODE = YES;
				CLANG_WARN__DUPLICATE_METHOD_MATCH = YES;
				COPY_PHASE_STRIP = NO;
				DEBUG_INFORMATION_FORMAT = "dwarf-with-dsym";
				ENABLE_NS_ASSERTIONS = NO;
				ENABLE_STRICT_OBJC_MSGSEND = YES;
				GCC_C_LANGUAGE_STANDARD = gnu11;
				GCC_NO_COMMON_BLOCKS = YES;
				GCC_WARN_64_TO_32_BIT_CONVERSION = YES;
				GCC_WARN_ABOUT_RETURN_TYPE = YES_ERROR;
				GCC_WARN_UNDECLARED_SELECTOR = YES;
				GCC_WARN_UNINITIALIZED_AUTOS = YES_AGGRESSIVE;
				GCC_WARN_UNUSED_FUNCTION = YES;
				GCC_WARN_UNUSED_VARIABLE = YES;
				IPHONEOS_DEPLOYMENT_TARGET = 12.0;
				MTL_ENABLE_DEBUG_INFO = NO;
				MTL_FAST_MATH = YES;
				SDKROOT = iphoneos;
				SWIFT_COMPILATION_MODE = wholemodule;
				SWIFT_OPTIMIZATION_LEVEL = "-O";
				VALIDATE_PRODUCT = YES;
			};
			name = Release;
		};
		F689EC57237C37C100747170 /* Debug */ = {
			isa = XCBuildConfiguration;
			baseConfigurationReference = 3E9AC3CF5EDB3929CF505F9C /* Pods-Reciplease.debug.xcconfig */;
			buildSettings = {
				ASSETCATALOG_COMPILER_APPICON_NAME = AppIcon;
				CODE_SIGN_STYLE = Automatic;
				DEVELOPMENT_ASSET_PATHS = "";
				DEVELOPMENT_TEAM = 568UZNMWK9;
				ENABLE_PREVIEWS = YES;
				INFOPLIST_FILE = Reciplease/Ressources/Info.plist;
				IPHONEOS_DEPLOYMENT_TARGET = 13.2;
				LD_RUNPATH_SEARCH_PATHS = (
					"$(inherited)",
					"@executable_path/Frameworks",
				);
				PRODUCT_BUNDLE_IDENTIFIER = com.lauriane.haydari.Reciplease;
				PRODUCT_NAME = "$(TARGET_NAME)";
				SWIFT_VERSION = 5.0;
				TARGETED_DEVICE_FAMILY = "1,2";
			};
			name = Debug;
		};
		F689EC58237C37C100747170 /* Release */ = {
			isa = XCBuildConfiguration;
			baseConfigurationReference = B152BFAC10112DB0D2674FA3 /* Pods-Reciplease.release.xcconfig */;
			buildSettings = {
				ASSETCATALOG_COMPILER_APPICON_NAME = AppIcon;
				CODE_SIGN_STYLE = Automatic;
				DEVELOPMENT_ASSET_PATHS = "";
				DEVELOPMENT_TEAM = 568UZNMWK9;
				ENABLE_PREVIEWS = YES;
				INFOPLIST_FILE = Reciplease/Ressources/Info.plist;
				IPHONEOS_DEPLOYMENT_TARGET = 13.2;
				LD_RUNPATH_SEARCH_PATHS = (
					"$(inherited)",
					"@executable_path/Frameworks",
				);
				PRODUCT_BUNDLE_IDENTIFIER = com.lauriane.haydari.Reciplease;
				PRODUCT_NAME = "$(TARGET_NAME)";
				SWIFT_VERSION = 5.0;
				TARGETED_DEVICE_FAMILY = "1,2";
			};
			name = Release;
		};
		F689EC5A237C37C100747170 /* Debug */ = {
			isa = XCBuildConfiguration;
			buildSettings = {
				ALWAYS_EMBED_SWIFT_STANDARD_LIBRARIES = YES;
				BUNDLE_LOADER = "$(TEST_HOST)";
				CODE_SIGN_STYLE = Automatic;
				DEVELOPMENT_TEAM = 568UZNMWK9;
				INFOPLIST_FILE = RecipleaseTests/Info.plist;
				IPHONEOS_DEPLOYMENT_TARGET = 13.2;
				LD_RUNPATH_SEARCH_PATHS = (
					"$(inherited)",
					"@executable_path/Frameworks",
					"@loader_path/Frameworks",
				);
				PRODUCT_BUNDLE_IDENTIFIER = com.lauriane.haydari.RecipleaseTests;
				PRODUCT_NAME = "$(TARGET_NAME)";
				SWIFT_VERSION = 5.0;
				TARGETED_DEVICE_FAMILY = "1,2";
				TEST_HOST = "$(BUILT_PRODUCTS_DIR)/Reciplease.app/Reciplease";
			};
			name = Debug;
		};
		F689EC5B237C37C100747170 /* Release */ = {
			isa = XCBuildConfiguration;
			buildSettings = {
				ALWAYS_EMBED_SWIFT_STANDARD_LIBRARIES = YES;
				BUNDLE_LOADER = "$(TEST_HOST)";
				CODE_SIGN_STYLE = Automatic;
				DEVELOPMENT_TEAM = 568UZNMWK9;
				INFOPLIST_FILE = RecipleaseTests/Info.plist;
				IPHONEOS_DEPLOYMENT_TARGET = 13.2;
				LD_RUNPATH_SEARCH_PATHS = (
					"$(inherited)",
					"@executable_path/Frameworks",
					"@loader_path/Frameworks",
				);
				PRODUCT_BUNDLE_IDENTIFIER = com.lauriane.haydari.RecipleaseTests;
				PRODUCT_NAME = "$(TARGET_NAME)";
				SWIFT_VERSION = 5.0;
				TARGETED_DEVICE_FAMILY = "1,2";
				TEST_HOST = "$(BUILT_PRODUCTS_DIR)/Reciplease.app/Reciplease";
			};
			name = Release;
		};
/* End XCBuildConfiguration section */

/* Begin XCConfigurationList section */
		F689EC2F237C37BF00747170 /* Build configuration list for PBXProject "Reciplease" */ = {
			isa = XCConfigurationList;
			buildConfigurations = (
				F689EC54237C37C100747170 /* Debug */,
				F689EC55237C37C100747170 /* Release */,
			);
			defaultConfigurationIsVisible = 0;
			defaultConfigurationName = Release;
		};
		F689EC56237C37C100747170 /* Build configuration list for PBXNativeTarget "Reciplease" */ = {
			isa = XCConfigurationList;
			buildConfigurations = (
				F689EC57237C37C100747170 /* Debug */,
				F689EC58237C37C100747170 /* Release */,
			);
			defaultConfigurationIsVisible = 0;
			defaultConfigurationName = Release;
		};
		F689EC59237C37C100747170 /* Build configuration list for PBXNativeTarget "RecipleaseTests" */ = {
			isa = XCConfigurationList;
			buildConfigurations = (
				F689EC5A237C37C100747170 /* Debug */,
				F689EC5B237C37C100747170 /* Release */,
			);
			defaultConfigurationIsVisible = 0;
			defaultConfigurationName = Release;
		};
/* End XCConfigurationList section */

/* Begin XCVersionGroup section */
		F689EC3B237C37C000747170 /* Reciplease.xcdatamodeld */ = {
			isa = XCVersionGroup;
			children = (
				F689EC3C237C37C000747170 /* Reciplease.xcdatamodel */,
			);
			currentVersion = F689EC3C237C37C000747170 /* Reciplease.xcdatamodel */;
			path = Reciplease.xcdatamodeld;
			sourceTree = "<group>";
			versionGroupType = wrapper.xcdatamodel;
		};
/* End XCVersionGroup section */
	};
	rootObject = F689EC2C237C37BF00747170 /* Project object */;
}
